// !$*UTF8*$!
{
	archiveVersion = 1;
	classes = {
	};
	objectVersion = 50;
	objects = {

/* Begin PBXBuildFile section */
		5548F6AF218AB02B0099D4D2 /* AppDelegate.swift in Sources */ = {isa = PBXBuildFile; fileRef = 5548F6AE218AB02B0099D4D2 /* AppDelegate.swift */; };
		5548F6B1218AB02B0099D4D2 /* ViewController.swift in Sources */ = {isa = PBXBuildFile; fileRef = 5548F6B0218AB02B0099D4D2 /* ViewController.swift */; };
		5548F6B4218AB02B0099D4D2 /* Main.storyboard in Resources */ = {isa = PBXBuildFile; fileRef = 5548F6B2218AB02B0099D4D2 /* Main.storyboard */; };
		5548F6B6218AB02E0099D4D2 /* Assets.xcassets in Resources */ = {isa = PBXBuildFile; fileRef = 5548F6B5218AB02E0099D4D2 /* Assets.xcassets */; };
		5548F6B9218AB02E0099D4D2 /* LaunchScreen.storyboard in Resources */ = {isa = PBXBuildFile; fileRef = 5548F6B7218AB02E0099D4D2 /* LaunchScreen.storyboard */; };
		5548F6C1218AB0F70099D4D2 /* SecondViewController.swift in Sources */ = {isa = PBXBuildFile; fileRef = 5548F6C0218AB0F70099D4D2 /* SecondViewController.swift */; };
/* End PBXBuildFile section */

/* Begin PBXFileReference section */
		5548F6AB218AB02B0099D4D2 /* Mutiple View Controllers.app */ = {isa = PBXFileReference; explicitFileType = wrapper.application; includeInIndex = 0; path = "Mutiple View Controllers.app"; sourceTree = BUILT_PRODUCTS_DIR; };
		5548F6AE218AB02B0099D4D2 /* AppDelegate.swift */ = {isa = PBXFileReference; lastKnownFileType = sourcecode.swift; path = AppDelegate.swift; sourceTree = "<group>"; };
		5548F6B0218AB02B0099D4D2 /* ViewController.swift */ = {isa = PBXFileReference; lastKnownFileType = sourcecode.swift; path = ViewController.swift; sourceTree = "<group>"; };
		5548F6B3218AB02B0099D4D2 /* Base */ = {isa = PBXFileReference; lastKnownFileType = file.storyboard; name = Base; path = Base.lproj/Main.storyboard; sourceTree = "<group>"; };
		5548F6B5218AB02E0099D4D2 /* Assets.xcassets */ = {isa = PBXFileReference; lastKnownFileType = folder.assetcatalog; path = Assets.xcassets; sourceTree = "<group>"; };
		5548F6B8218AB02E0099D4D2 /* Base */ = {isa = PBXFileReference; lastKnownFileType = file.storyboard; name = Base; path = Base.lproj/LaunchScreen.storyboard; sourceTree = "<group>"; };
		5548F6BA218AB02E0099D4D2 /* Info.plist */ = {isa = PBXFileReference; lastKnownFileType = text.plist.xml; path = Info.plist; sourceTree = "<group>"; };
		5548F6C0218AB0F70099D4D2 /* SecondViewController.swift */ = {isa = PBXFileReference; lastKnownFileType = sourcecode.swift; path = SecondViewController.swift; sourceTree = "<group>"; };
/* End PBXFileReference section */

/* Begin PBXFrameworksBuildPhase section */
		5548F6A8218AB02B0099D4D2 /* Frameworks */ = {
			isa = PBXFrameworksBuildPhase;
			buildActionMask = 2147483647;
			files = (
			);
			runOnlyForDeploymentPostprocessing = 0;
		};
/* End PBXFrameworksBuildPhase section */

/* Begin PBXGroup section */
		5548F6A2218AB02B0099D4D2 = {
			isa = PBXGroup;
			children = (
				5548F6AD218AB02B0099D4D2 /* Mutiple View Controllers */,
				5548F6AC218AB02B0099D4D2 /* Products */,
			);
			sourceTree = "<group>";
		};
		5548F6AC218AB02B0099D4D2 /* Products */ = {
			isa = PBXGroup;
			children = (
				5548F6AB218AB02B0099D4D2 /* Mutiple View Controllers.app */,
			);
			name = Products;
			sourceTree = "<group>";
		};
		5548F6AD218AB02B0099D4D2 /* Mutiple View Controllers */ = {
			isa = PBXGroup;
			children = (
				5548F6AE218AB02B0099D4D2 /* AppDelegate.swift */,
				5548F6B0218AB02B0099D4D2 /* ViewController.swift */,
				5548F6B2218AB02B0099D4D2 /* Main.storyboard */,
				5548F6C0218AB0F70099D4D2 /* SecondViewController.swift */,
				5548F6B5218AB02E0099D4D2 /* Assets.xcassets */,
				5548F6B7218AB02E0099D4D2 /* LaunchScreen.storyboard */,
				5548F6BA218AB02E0099D4D2 /* Info.plist */,
			);
			path = "Mutiple View Controllers";
			sourceTree = "<group>";
		};
/* End PBXGroup section */

/* Begin PBXNativeTarget section */
		5548F6AA218AB02B0099D4D2 /* Mutiple View Controllers */ = {
			isa = PBXNativeTarget;
			buildConfigurationList = 5548F6BD218AB02E0099D4D2 /* Build configuration list for PBXNativeTarget "Mutiple View Controllers" */;
			buildPhases = (
				5548F6A7218AB02B0099D4D2 /* Sources */,
				5548F6A8218AB02B0099D4D2 /* Frameworks */,
				5548F6A9218AB02B0099D4D2 /* Resources */,
			);
			buildRules = (
			);
			dependencies = (
			);
			name = "Mutiple View Controllers";
			productName = "Mutiple View Controllers";
			productReference = 5548F6AB218AB02B0099D4D2 /* Mutiple View Controllers.app */;
			productType = "com.apple.product-type.application";
		};
/* End PBXNativeTarget section */

/* Begin PBXProject section */
		5548F6A3218AB02B0099D4D2 /* Project object */ = {
			isa = PBXProject;
			attributes = {
				LastSwiftUpdateCheck = 0940;
				LastUpgradeCheck = 0940;
				ORGANIZATIONNAME = "Denny Feng";
				TargetAttributes = {
					5548F6AA218AB02B0099D4D2 = {
						CreatedOnToolsVersion = 9.4.1;
					};
				};
			};
			buildConfigurationList = 5548F6A6218AB02B0099D4D2 /* Build configuration list for PBXProject "Mutiple View Controllers" */;
			compatibilityVersion = "Xcode 9.3";
			developmentRegion = en;
			hasScannedForEncodings = 0;
			knownRegions = (
				en,
				Base,
			);
			mainGroup = 5548F6A2218AB02B0099D4D2;
			productRefGroup = 5548F6AC218AB02B0099D4D2 /* Products */;
			projectDirPath = "";
			projectRoot = "";
			targets = (
				5548F6AA218AB02B0099D4D2 /* Mutiple View Controllers */,
			);
		};
/* End PBXProject section */

/* Begin PBXResourcesBuildPhase section */
		5548F6A9218AB02B0099D4D2 /* Resources */ = {
			isa = PBXResourcesBuildPhase;
			buildActionMask = 2147483647;
			files = (
				5548F6B9218AB02E0099D4D2 /* LaunchScreen.storyboard in Resources */,
				5548F6B6218AB02E0099D4D2 /* Assets.xcassets in Resources */,
				5548F6B4218AB02B0099D4D2 /* Main.storyboard in Resources */,
			);
			runOnlyForDeploymentPostprocessing = 0;
		};
/* End PBXResourcesBuildPhase section */

/* Begin PBXSourcesBuildPhase section */
		5548F6A7218AB02B0099D4D2 /* Sources */ = {
			isa = PBXSourcesBuildPhase;
			buildActionMask = 2147483647;
			files = (
				5548F6C1218AB0F70099D4D2 /* SecondViewController.swift in Sources */,
				5548F6B1218AB02B0099D4D2 /* ViewController.swift in Sources */,
				5548F6AF218AB02B0099D4D2 /* AppDelegate.swift in Sources */,
			);
			runOnlyForDeploymentPostprocessing = 0;
		};
/* End PBXSourcesBuildPhase section */

/* Begin PBXVariantGroup section */
		5548F6B2218AB02B0099D4D2 /* Main.storyboard */ = {
			isa = PBXVariantGroup;
			children = (
				5548F6B3218AB02B0099D4D2 /* Base */,
			);
			name = Main.storyboard;
			sourceTree = "<group>";
		};
		5548F6B7218AB02E0099D4D2 /* LaunchScreen.storyboard */ = {
			isa = PBXVariantGroup;
			children = (
				5548F6B8218AB02E0099D4D2 /* Base */,
			);
			name = LaunchScreen.storyboard;
			sourceTree = "<group>";
		};
/* End PBXVariantGroup section */

/* Begin XCBuildConfiguration section */
		5548F6BB218AB02E0099D4D2 /* Debug */ = {
			isa = XCBuildConfiguration;
			buildSettings = {
				ALWAYS_SEARCH_USER_PATHS = NO;
				CLANG_ANALYZER_NONNULL = YES;
				CLANG_ANALYZER_NUMBER_OBJECT_CONVERSION = YES_AGGRESSIVE;
				CLANG_CXX_LANGUAGE_STANDARD = "gnu++14";
				CLANG_CXX_LIBRARY = "libc++";
				CLANG_ENABLE_MODULES = YES;
				CLANG_ENABLE_OBJC_ARC = YES;
				CLANG_ENABLE_OBJC_WEAK = YES;
				CLANG_WARN_BLOCK_CAPTURE_AUTORELEASING = YES;
				CLANG_WARN_BOOL_CONVERSION = YES;
				CLANG_WARN_COMMA = YES;
				CLANG_WARN_CONSTANT_CONVERSION = YES;
				CLANG_WARN_DEPRECATED_OBJC_IMPLEMENTATIONS = YES;
				CLANG_WARN_DIRECT_OBJC_ISA_USAGE = YES_ERROR;
				CLANG_WARN_DOCUMENTATION_COMMENTS = YES;
				CLANG_WARN_EMPTY_BODY = YES;
				CLANG_WARN_ENUM_CONVERSION = YES;
				CLANG_WARN_INFINITE_RECURSION = YES;
				CLANG_WARN_INT_CONVERSION = YES;
				CLANG_WARN_NON_LITERAL_NULL_CONVERSION = YES;
				CLANG_WARN_OBJC_IMPLICIT_RETAIN_SELF = YES;
				CLANG_WARN_OBJC_LITERAL_CONVERSION = YES;
				CLANG_WARN_OBJC_ROOT_CLASS = YES_ERROR;
				CLANG_WARN_RANGE_LOOP_ANALYSIS = YES;
				CLANG_WARN_STRICT_PROTOTYPES = YES;
				CLANG_WARN_SUSPICIOUS_MOVE = YES;
				CLANG_WARN_UNGUARDED_AVAILABILITY = YES_AGGRESSIVE;
				CLANG_WARN_UNREACHABLE_CODE = YES;
				CLANG_WARN__DUPLICATE_METHOD_MATCH = YES;
				CODE_SIGN_IDENTITY = "iPhone Developer";
				COPY_PHASE_STRIP = NO;
				DEBUG_INFORMATION_FORMAT = dwarf;
				ENABLE_STRICT_OBJC_MSGSEND = YES;
				ENABLE_TESTABILITY = YES;
				GCC_C_LANGUAGE_STANDARD = gnu11;
				GCC_DYNAMIC_NO_PIC = NO;
				GCC_NO_COMMON_BLOCKS = YES;
				GCC_OPTIMIZATION_LEVEL = 0;
				GCC_PREPROCESSOR_DEFINITIONS = (
					"DEBUG=1",
					"$(inherited)",
				);
				GCC_WARN_64_TO_32_BIT_CONVERSION = YES;
				GCC_WARN_ABOUT_RETURN_TYPE = YES_ERROR;
				GCC_WARN_UNDECLARED_SELECTOR = YES;
				GCC_WARN_UNINITIALIZED_AUTOS = YES_AGGRESSIVE;
				GCC_WARN_UNUSED_FUNCTION = YES;
				GCC_WARN_UNUSED_VARIABLE = YES;
				IPHONEOS_DEPLOYMENT_TARGET = 11.4;
				MTL_ENABLE_DEBUG_INFO = YES;
				ONLY_ACTIVE_ARCH = YES;
				SDKROOT = iphoneos;
				SWIFT_ACTIVE_COMPILATION_CONDITIONS = DEBUG;
				SWIFT_OPTIMIZATION_LEVEL = "-Onone";
			};
			name = Debug;
		};
		5548F6BC218AB02E0099D4D2 /* Release */ = {
			isa = XCBuildConfiguration;
			buildSettings = {
				ALWAYS_SEARCH_USER_PATHS = NO;
				CLANG_ANALYZER_NONNULL = YES;
				CLANG_ANALYZER_NUMBER_OBJECT_CONVERSION = YES_AGGRESSIVE;
				CLANG_CXX_LANGUAGE_STANDARD = "gnu++14";
				CLANG_CXX_LIBRARY = "libc++";
				CLANG_ENABLE_MODULES = YES;
				CLANG_ENABLE_OBJC_ARC = YES;
				CLANG_ENABLE_OBJC_WEAK = YES;
				CLANG_WARN_BLOCK_CAPTURE_AUTORELEASING = YES;
				CLANG_WARN_BOOL_CONVERSION = YES;
				CLANG_WARN_COMMA = YES;
				CLANG_WARN_CONSTANT_CONVERSION = YES;
				CLANG_WARN_DEPRECATED_OBJC_IMPLEMENTATIONS = YES;
				CLANG_WARN_DIRECT_OBJC_ISA_USAGE = YES_ERROR;
				CLANG_WARN_DOCUMENTATION_COMMENTS = YES;
				CLANG_WARN_EMPTY_BODY = YES;
				CLANG_WARN_ENUM_CONVERSION = YES;
				CLANG_WARN_INFINITE_RECURSION = YES;
				CLANG_WARN_INT_CONVERSION = YES;
				CLANG_WARN_NON_LITERAL_NULL_CONVERSION = YES;
				CLANG_WARN_OBJC_IMPLICIT_RETAIN_SELF = YES;
				CLANG_WARN_OBJC_LITERAL_CONVERSION = YES;
				CLANG_WARN_OBJC_ROOT_CLASS = YES_ERROR;
				CLANG_WARN_RANGE_LOOP_ANALYSIS = YES;
				CLANG_WARN_STRICT_PROTOTYPES = YES;
				CLANG_WARN_SUSPICIOUS_MOVE = YES;
				CLANG_WARN_UNGUARDED_AVAILABILITY = YES_AGGRESSIVE;
				CLANG_WARN_UNREACHABLE_CODE = YES;
				CLANG_WARN__DUPLICATE_METHOD_MATCH = YES;
				CODE_SIGN_IDENTITY = "iPhone Developer";
				COPY_PHASE_STRIP = NO;
				DEBUG_INFORMATION_FORMAT = "dwarf-with-dsym";
				ENABLE_NS_ASSERTIONS = NO;
				ENABLE_STRICT_OBJC_MSGSEND = YES;
				GCC_C_LANGUAGE_STANDARD = gnu11;
				GCC_NO_COMMON_BLOCKS = YES;
				GCC_WARN_64_TO_32_BIT_CONVERSION = YES;
				GCC_WARN_ABOUT_RETURN_TYPE = YES_ERROR;
				GCC_WARN_UNDECLARED_SELECTOR = YES;
				GCC_WARN_UNINITIALIZED_AUTOS = YES_AGGRESSIVE;
				GCC_WARN_UNUSED_FUNCTION = YES;
				GCC_WARN_UNUSED_VARIABLE = YES;
				IPHONEOS_DEPLOYMENT_TARGET = 11.4;
				MTL_ENABLE_DEBUG_INFO = NO;
				SDKROOT = iphoneos;
				SWIFT_COMPILATION_MODE = wholemodule;
				SWIFT_OPTIMIZATION_LEVEL = "-O";
				VALIDATE_PRODUCT = YES;
			};
			name = Release;
		};
		5548F6BE218AB02E0099D4D2 /* Debug */ = {
			isa = XCBuildConfiguration;
			buildSettings = {
				ASSETCATALOG_COMPILER_APPICON_NAME = AppIcon;
				CODE_SIGN_STYLE = Automatic;
				INFOPLIST_FILE = "Mutiple View Controllers/Info.plist";
				LD_RUNPATH_SEARCH_PATHS = (
					"$(inherited)",
					"@executable_path/Frameworks",
				);
				PRODUCT_BUNDLE_IDENTIFIER = "com.DF.Mutiple-View-Controllers";
				PRODUCT_NAME = "$(TARGET_NAME)";
				SWIFT_VERSION = 4.0;
				TARGETED_DEVICE_FAMILY = "1,2";
			};
			name = Debug;
		};
		5548F6BF218AB02E0099D4D2 /* Release */ = {
			isa = XCBuildConfiguration;
			buildSettings = {
				ASSETCATALOG_COMPILER_APPICON_NAME = AppIcon;
				CODE_SIGN_STYLE = Automatic;
				INFOPLIST_FILE = "Mutiple View Controllers/Info.plist";
				LD_RUNPATH_SEARCH_PATHS = (
					"$(inherited)",
					"@executable_path/Frameworks",
				);
				PRODUCT_BUNDLE_IDENTIFIER = "com.DF.Mutiple-View-Controllers";
				PRODUCT_NAME = "$(TARGET_NAME)";
				SWIFT_VERSION = 4.0;
				TARGETED_DEVICE_FAMILY = "1,2";
			};
			name = Release;
		};
/* End XCBuildConfiguration section */

/* Begin XCConfigurationList section */
		5548F6A6218AB02B0099D4D2 /* Build configuration list for PBXProject "Mutiple View Controllers" */ = {
			isa = XCConfigurationList;
			buildConfigurations = (
				5548F6BB218AB02E0099D4D2 /* Debug */,
				5548F6BC218AB02E0099D4D2 /* Release */,
			);
			defaultConfigurationIsVisible = 0;
			defaultConfigurationName = Release;
		};
		5548F6BD218AB02E0099D4D2 /* Build configuration list for PBXNativeTarget "Mutiple View Controllers" */ = {
			isa = XCConfigurationList;
			buildConfigurations = (
				5548F6BE218AB02E0099D4D2 /* Debug */,
				5548F6BF218AB02E0099D4D2 /* Release */,
			);
			defaultConfigurationIsVisible = 0;
			defaultConfigurationName = Release;
		};
/* End XCConfigurationList section */
	};
	rootObject = 5548F6A3218AB02B0099D4D2 /* Project object */;
}
